
Microsoft Visual Studio Solution File, Format Version 12.00
# Visual Studio Version 17
VisualStudioVersion = 17.12.35527.113
MinimumVisualStudioVersion = 10.0.40219.1
Project("{FAE04EC0-301F-11D3-BF4B-00C04F79EFBC}") = "TaekwondoBackend", "TaekwondoBackend\TaekwondoBackend.csproj", "{42000EB2-6EA6-4889-B22E-02FA87D4CF65}"
EndProject
Project("{2150E333-8FDC-42A3-9474-1A3956D46DE8}") = "Solution Items", "Solution Items", "{386FEB24-3E2C-4AEC-863C-6C8A888D6540}"
	ProjectSection(SolutionItems) = preProject
		.gitignore = .gitignore
	EndProjectSection
EndProject
Global
	GlobalSection(SolutionConfigurationPlatforms) = preSolution
		Debug|Any CPU = Debug|Any CPU
		Release|Any CPU = Release|Any CPU
	EndGlobalSection
	GlobalSection(ProjectConfigurationPlatforms) = postSolution
		{42000EB2-6EA6-4889-B22E-02FA87D4CF65}.Debug|Any CPU.ActiveCfg = Debug|Any CPU
		{42000EB2-6EA6-4889-B22E-02FA87D4CF65}.Debug|Any CPU.Build.0 = Debug|Any CPU
		{42000EB2-6EA6-4889-B22E-02FA87D4CF65}.Release|Any CPU.ActiveCfg = Release|Any CPU
		{42000EB2-6EA6-4889-B22E-02FA87D4CF65}.Release|Any CPU.Build.0 = Release|Any CPU
	EndGlobalSection
	GlobalSection(SolutionProperties) = preSolution
		HideSolutionNode = FALSE
	EndGlobalSection
EndGlobal
